
Microsoft Visual Studio Solution File, Format Version 12.00
# Visual Studio Version 17
VisualStudioVersion = 17.3.32804.467
MinimumVisualStudioVersion = 10.0.40219.1
Project("{FAE04EC0-301F-11D3-BF4B-00C04F79EFBC}") = "ConsoleAppNew", "ConsoleAppNew\ConsoleAppNew.csproj", "{B9F7F13F-B907-4C8A-8969-7C5A73EC50F8}"
EndProject
Project("{FAE04EC0-301F-11D3-BF4B-00C04F79EFBC}") = "TestProject1", "TestProject1\TestProject1.csproj", "{267AD1FC-51B4-4392-87C0-009D0A5CC309}"
EndProject
Global
	GlobalSection(SolutionConfigurationPlatforms) = preSolution
		Debug|Any CPU = Debug|Any CPU
		Release|Any CPU = Release|Any CPU
	EndGlobalSection
	GlobalSection(ProjectConfigurationPlatforms) = postSolution
		{B9F7F13F-B907-4C8A-8969-7C5A73EC50F8}.Debug|Any CPU.ActiveCfg = Debug|Any CPU
		{B9F7F13F-B907-4C8A-8969-7C5A73EC50F8}.Debug|Any CPU.Build.0 = Debug|Any CPU
		{B9F7F13F-B907-4C8A-8969-7C5A73EC50F8}.Release|Any CPU.ActiveCfg = Release|Any CPU
		{B9F7F13F-B907-4C8A-8969-7C5A73EC50F8}.Release|Any CPU.Build.0 = Release|Any CPU
		{267AD1FC-51B4-4392-87C0-009D0A5CC309}.Debug|Any CPU.ActiveCfg = Debug|Any CPU
		{267AD1FC-51B4-4392-87C0-009D0A5CC309}.Debug|Any CPU.Build.0 = Debug|Any CPU
		{267AD1FC-51B4-4392-87C0-009D0A5CC309}.Release|Any CPU.ActiveCfg = Release|Any CPU
		{267AD1FC-51B4-4392-87C0-009D0A5CC309}.Release|Any CPU.Build.0 = Release|Any CPU
	EndGlobalSection
	GlobalSection(SolutionProperties) = preSolution
		HideSolutionNode = FALSE
	EndGlobalSection
	GlobalSection(ExtensibilityGlobals) = postSolution
		SolutionGuid = {66C24A60-A71A-419E-B944-50BF65FC2F6A}
	EndGlobalSection
EndGlobal
